
Microsoft Visual Studio Solution File, Format Version 12.00
# Visual Studio Version 17
VisualStudioVersion = 17.3.32901.215
MinimumVisualStudioVersion = 10.0.40219.1
Project("{2150E333-8FDC-42A3-9474-1A3956D46DE8}") = "Solution Items", "Solution Items", "{822EBC3D-38B4-4B4A-9AB5-94C2DCCFFDBB}"
	ProjectSection(SolutionItems) = preProject
		.editorconfig = .editorconfig
		gitversion.yml = gitversion.yml
		LICENSE = LICENSE
		README.md = README.md
	EndProjectSection
EndProject
Project("{2150E333-8FDC-42A3-9474-1A3956D46DE8}") = "src", "src", "{2180CEC2-82D5-49C0-9D99-91B1B195F086}"
	ProjectSection(SolutionItems) = preProject
		src\Directory.Build.props = src\Directory.Build.props
		src\Directory.Packages.props = src\Directory.Packages.props
		src\dotnet-test.Build.props = src\dotnet-test.Build.props
		src\Local.Packages.props = src\Local.Packages.props
		src\Local.Packages.props - template = src\Local.Packages.props - template
		src\nuget.config = src\nuget.config
	EndProjectSection
EndProject
Project("{2150E333-8FDC-42A3-9474-1A3956D46DE8}") = "PDFsharp", "PDFsharp", "{EE3CB451-6DC4-4270-8D2D-B56698B08C8A}"
EndProject
Project("{2150E333-8FDC-42A3-9474-1A3956D46DE8}") = "src", "src", "{309739E8-2421-4858-9EB2-28FF8CC0D95C}"
EndProject
Project("{9A19103F-16F7-4668-BE54-9A1E7A4F7556}") = "IssueSubmission", "src\PDFsharp\src\IssueSubmission\IssueSubmission.csproj", "{958AC077-348C-4EC3-B4DC-A5B570E00D63}"
EndProject
Project("{2150E333-8FDC-42A3-9474-1A3956D46DE8}") = "PDFsharp-gdi", "PDFsharp-gdi", "{0FBBADA3-FF13-4EDF-8607-DEDE7B9932DE}"
EndProject
Project("{2150E333-8FDC-42A3-9474-1A3956D46DE8}") = "src", "src", "{512C06C2-3DAD-4397-9C2E-23EE1D26A23C}"
EndProject
Project("{2150E333-8FDC-42A3-9474-1A3956D46DE8}") = "PDFsharp-wpf", "PDFsharp-wpf", "{BD8EB34F-AE5F-4B54-A41E-FF6DA3AB365F}"
EndProject
Project("{2150E333-8FDC-42A3-9474-1A3956D46DE8}") = "src", "src", "{B312B5FA-CE7F-44E0-9F8B-AB099BD12C95}"
EndProject
Project("{2150E333-8FDC-42A3-9474-1A3956D46DE8}") = "MigraDoc", "MigraDoc", "{1D0F90D8-EEB9-4902-AE90-DBA10FD9DB74}"
EndProject
Project("{2150E333-8FDC-42A3-9474-1A3956D46DE8}") = "src", "src", "{01079589-CE5B-47BC-9206-87299EB7AC99}"
EndProject
Project("{2150E333-8FDC-42A3-9474-1A3956D46DE8}") = "MigraDoc-gdi", "MigraDoc-gdi", "{28F1B611-6131-4BB0-84FD-D03124B25E7E}"
EndProject
Project("{2150E333-8FDC-42A3-9474-1A3956D46DE8}") = "src", "src", "{6FA57D8C-5CC6-4CEC-B219-F419A39ABE7A}"
EndProject
Project("{2150E333-8FDC-42A3-9474-1A3956D46DE8}") = "MigraDoc-wpf", "MigraDoc-wpf", "{1B93EC44-4ECD-4FFE-A9CE-08A61B06A35A}"
EndProject
Project("{2150E333-8FDC-42A3-9474-1A3956D46DE8}") = "src", "src", "{044C9234-C66A-47C6-97BF-A58FC45FC5B4}"
EndProject
Project("{9A19103F-16F7-4668-BE54-9A1E7A4F7556}") = "IssueSubmission-gdi", "src\PDFsharp-gdi\src\IssueSubmission\IssueSubmission-gdi.csproj", "{EAD9D4F6-1C70-44D2-9F7A-7D9BE30D419D}"
EndProject
Project("{9A19103F-16F7-4668-BE54-9A1E7A4F7556}") = "IssueSubmission-wpf", "src\PDFsharp-wpf\src\IssueSubmission\IssueSubmission-wpf.csproj", "{E1175D5F-31D4-4AE9-8A49-57736FCF1820}"
EndProject
Project("{9A19103F-16F7-4668-BE54-9A1E7A4F7556}") = "IssueSubmission", "src\MigraDoc\src\IssueSubmission\IssueSubmission.csproj", "{0566A804-B283-4819-9AA8-12743CA3F0FE}"
EndProject
Project("{9A19103F-16F7-4668-BE54-9A1E7A4F7556}") = "IssueSubmission-wpf", "src\MigraDoc-wpf\src\IssueSubmission-wpf\IssueSubmission-wpf.csproj", "{22786FA6-9547-43C8-B251-BD97076208C6}"
EndProject
Project("{9A19103F-16F7-4668-BE54-9A1E7A4F7556}") = "IssueSubmission-gdi", "src\MigraDoc-gdi\src\IssueSubmission-gdi\IssueSubmission-gdi.csproj", "{3C044B49-068F-40A8-A311-AB7D9F2AB8EF}"
EndProject
Project("{2150E333-8FDC-42A3-9474-1A3956D46DE8}") = "tests", "tests", "{7DD5D9D8-4EB7-47D5-AB0C-B06B3C8DE2B2}"
EndProject
Project("{2150E333-8FDC-42A3-9474-1A3956D46DE8}") = "tests", "tests", "{18467ADF-3D27-446B-9483-E46E75204F2D}"
EndProject
Project("{2150E333-8FDC-42A3-9474-1A3956D46DE8}") = "tests", "tests", "{BA3298EF-A23C-4544-9F66-57151EF1C59B}"
EndProject
Project("{2150E333-8FDC-42A3-9474-1A3956D46DE8}") = "tests", "tests", "{A88C2632-686C-4A6A-8616-688413188C1E}"
EndProject
Project("{2150E333-8FDC-42A3-9474-1A3956D46DE8}") = "tests", "tests", "{0FD76033-F72D-4880-BB07-376D466946BE}"
EndProject
Project("{2150E333-8FDC-42A3-9474-1A3956D46DE8}") = "tests", "tests", "{97604829-1F5F-49A2-9C90-FD945B128337}"
EndProject
Global
	GlobalSection(SolutionConfigurationPlatforms) = preSolution
		Debug|Any CPU = Debug|Any CPU
		Release|Any CPU = Release|Any CPU
	EndGlobalSection
	GlobalSection(ProjectConfigurationPlatforms) = postSolution
		{958AC077-348C-4EC3-B4DC-A5B570E00D63}.Debug|Any CPU.ActiveCfg = Debug|Any CPU
		{958AC077-348C-4EC3-B4DC-A5B570E00D63}.Debug|Any CPU.Build.0 = Debug|Any CPU
		{958AC077-348C-4EC3-B4DC-A5B570E00D63}.Release|Any CPU.ActiveCfg = Release|Any CPU
		{958AC077-348C-4EC3-B4DC-A5B570E00D63}.Release|Any CPU.Build.0 = Release|Any CPU
		{EAD9D4F6-1C70-44D2-9F7A-7D9BE30D419D}.Debug|Any CPU.ActiveCfg = Debug|Any CPU
		{EAD9D4F6-1C70-44D2-9F7A-7D9BE30D419D}.Debug|Any CPU.Build.0 = Debug|Any CPU
		{EAD9D4F6-1C70-44D2-9F7A-7D9BE30D419D}.Release|Any CPU.ActiveCfg = Release|Any CPU
		{EAD9D4F6-1C70-44D2-9F7A-7D9BE30D419D}.Release|Any CPU.Build.0 = Release|Any CPU
		{E1175D5F-31D4-4AE9-8A49-57736FCF1820}.Debug|Any CPU.ActiveCfg = Debug|Any CPU
		{E1175D5F-31D4-4AE9-8A49-57736FCF1820}.Debug|Any CPU.Build.0 = Debug|Any CPU
		{E1175D5F-31D4-4AE9-8A49-57736FCF1820}.Release|Any CPU.ActiveCfg = Release|Any CPU
		{E1175D5F-31D4-4AE9-8A49-57736FCF1820}.Release|Any CPU.Build.0 = Release|Any CPU
		{0566A804-B283-4819-9AA8-12743CA3F0FE}.Debug|Any CPU.ActiveCfg = Debug|Any CPU
		{0566A804-B283-4819-9AA8-12743CA3F0FE}.Debug|Any CPU.Build.0 = Debug|Any CPU
		{0566A804-B283-4819-9AA8-12743CA3F0FE}.Release|Any CPU.ActiveCfg = Release|Any CPU
		{0566A804-B283-4819-9AA8-12743CA3F0FE}.Release|Any CPU.Build.0 = Release|Any CPU
		{22786FA6-9547-43C8-B251-BD97076208C6}.Debug|Any CPU.ActiveCfg = Debug|Any CPU
		{22786FA6-9547-43C8-B251-BD97076208C6}.Debug|Any CPU.Build.0 = Debug|Any CPU
		{22786FA6-9547-43C8-B251-BD97076208C6}.Release|Any CPU.ActiveCfg = Release|Any CPU
		{22786FA6-9547-43C8-B251-BD97076208C6}.Release|Any CPU.Build.0 = Release|Any CPU
		{3C044B49-068F-40A8-A311-AB7D9F2AB8EF}.Debug|Any CPU.ActiveCfg = Debug|Any CPU
		{3C044B49-068F-40A8-A311-AB7D9F2AB8EF}.Debug|Any CPU.Build.0 = Debug|Any CPU
		{3C044B49-068F-40A8-A311-AB7D9F2AB8EF}.Release|Any CPU.ActiveCfg = Release|Any CPU
		{3C044B49-068F-40A8-A311-AB7D9F2AB8EF}.Release|Any CPU.Build.0 = Release|Any CPU
	EndGlobalSection
	GlobalSection(SolutionProperties) = preSolution
		HideSolutionNode = FALSE
	EndGlobalSection
	GlobalSection(NestedProjects) = preSolution
		{EE3CB451-6DC4-4270-8D2D-B56698B08C8A} = {2180CEC2-82D5-49C0-9D99-91B1B195F086}
		{309739E8-2421-4858-9EB2-28FF8CC0D95C} = {EE3CB451-6DC4-4270-8D2D-B56698B08C8A}
		{958AC077-348C-4EC3-B4DC-A5B570E00D63} = {309739E8-2421-4858-9EB2-28FF8CC0D95C}
		{0FBBADA3-FF13-4EDF-8607-DEDE7B9932DE} = {2180CEC2-82D5-49C0-9D99-91B1B195F086}
		{512C06C2-3DAD-4397-9C2E-23EE1D26A23C} = {0FBBADA3-FF13-4EDF-8607-DEDE7B9932DE}
		{BD8EB34F-AE5F-4B54-A41E-FF6DA3AB365F} = {2180CEC2-82D5-49C0-9D99-91B1B195F086}
		{B312B5FA-CE7F-44E0-9F8B-AB099BD12C95} = {BD8EB34F-AE5F-4B54-A41E-FF6DA3AB365F}
		{1D0F90D8-EEB9-4902-AE90-DBA10FD9DB74} = {2180CEC2-82D5-49C0-9D99-91B1B195F086}
		{01079589-CE5B-47BC-9206-87299EB7AC99} = {1D0F90D8-EEB9-4902-AE90-DBA10FD9DB74}
		{28F1B611-6131-4BB0-84FD-D03124B25E7E} = {2180CEC2-82D5-49C0-9D99-91B1B195F086}
		{6FA57D8C-5CC6-4CEC-B219-F419A39ABE7A} = {28F1B611-6131-4BB0-84FD-D03124B25E7E}
		{1B93EC44-4ECD-4FFE-A9CE-08A61B06A35A} = {2180CEC2-82D5-49C0-9D99-91B1B195F086}
		{044C9234-C66A-47C6-97BF-A58FC45FC5B4} = {1B93EC44-4ECD-4FFE-A9CE-08A61B06A35A}
		{EAD9D4F6-1C70-44D2-9F7A-7D9BE30D419D} = {512C06C2-3DAD-4397-9C2E-23EE1D26A23C}
		{E1175D5F-31D4-4AE9-8A49-57736FCF1820} = {B312B5FA-CE7F-44E0-9F8B-AB099BD12C95}
		{0566A804-B283-4819-9AA8-12743CA3F0FE} = {01079589-CE5B-47BC-9206-87299EB7AC99}
		{22786FA6-9547-43C8-B251-BD97076208C6} = {044C9234-C66A-47C6-97BF-A58FC45FC5B4}
		{3C044B49-068F-40A8-A311-AB7D9F2AB8EF} = {6FA57D8C-5CC6-4CEC-B219-F419A39ABE7A}
		{7DD5D9D8-4EB7-47D5-AB0C-B06B3C8DE2B2} = {1D0F90D8-EEB9-4902-AE90-DBA10FD9DB74}
		{18467ADF-3D27-446B-9483-E46E75204F2D} = {28F1B611-6131-4BB0-84FD-D03124B25E7E}
		{BA3298EF-A23C-4544-9F66-57151EF1C59B} = {1B93EC44-4ECD-4FFE-A9CE-08A61B06A35A}
		{A88C2632-686C-4A6A-8616-688413188C1E} = {EE3CB451-6DC4-4270-8D2D-B56698B08C8A}
		{0FD76033-F72D-4880-BB07-376D466946BE} = {0FBBADA3-FF13-4EDF-8607-DEDE7B9932DE}
		{97604829-1F5F-49A2-9C90-FD945B128337} = {BD8EB34F-AE5F-4B54-A41E-FF6DA3AB365F}
	EndGlobalSection
	GlobalSection(ExtensibilityGlobals) = postSolution
		SolutionGuid = {25F4AEC1-75C2-4DA6-832A-0F80ADC614B3}
	EndGlobalSection
EndGlobal
